
Microsoft Visual Studio Solution File, Format Version 12.00
# Visual Studio Version 16
VisualStudioVersion = 16.0.29806.167
MinimumVisualStudioVersion = 10.0.40219.1
Project("{9A19103F-16F7-4668-BE54-9A1E7A4F7556}") = "McBurgerRestaurant_Original", "Original\McBurgerRestaurant_Original.csproj", "{D1F3C3E4-9572-447D-AE4F-728F56AD2ECC}"
EndProject
Project("{9A19103F-16F7-4668-BE54-9A1E7A4F7556}") = "McBurgerRestaurant_Refactored", "Refactored\McBurgerRestaurant_Refactored.csproj", "{8E5C0F87-4D8C-4057-B5B0-CF3F1DAAF95F}"
EndProject
Global
	GlobalSection(SolutionConfigurationPlatforms) = preSolution
		Debug|Any CPU = Debug|Any CPU
		Release|Any CPU = Release|Any CPU
	EndGlobalSection
	GlobalSection(ProjectConfigurationPlatforms) = postSolution
		{D1F3C3E4-9572-447D-AE4F-728F56AD2ECC}.Debug|Any CPU.ActiveCfg = Debug|Any CPU
		{D1F3C3E4-9572-447D-AE4F-728F56AD2ECC}.Debug|Any CPU.Build.0 = Debug|Any CPU
		{D1F3C3E4-9572-447D-AE4F-728F56AD2ECC}.Release|Any CPU.ActiveCfg = Release|Any CPU
		{D1F3C3E4-9572-447D-AE4F-728F56AD2ECC}.Release|Any CPU.Build.0 = Release|Any CPU
		{8E5C0F87-4D8C-4057-B5B0-CF3F1DAAF95F}.Debug|Any CPU.ActiveCfg = Debug|Any CPU
		{8E5C0F87-4D8C-4057-B5B0-CF3F1DAAF95F}.Debug|Any CPU.Build.0 = Debug|Any CPU
		{8E5C0F87-4D8C-4057-B5B0-CF3F1DAAF95F}.Release|Any CPU.ActiveCfg = Release|Any CPU
		{8E5C0F87-4D8C-4057-B5B0-CF3F1DAAF95F}.Release|Any CPU.Build.0 = Release|Any CPU
	EndGlobalSection
	GlobalSection(SolutionProperties) = preSolution
		HideSolutionNode = FALSE
	EndGlobalSection
	GlobalSection(ExtensibilityGlobals) = postSolution
		SolutionGuid = {A09B1FA2-87E5-4AD4-ACD4-61AC82BB8EAB}
	EndGlobalSection
EndGlobal
